
Microsoft Visual Studio Solution File, Format Version 12.00
# Visual Studio 15
VisualStudioVersion = 15.0.27004.2002
MinimumVisualStudioVersion = 10.0.40219.1
Project("{FAE04EC0-301F-11D3-BF4B-00C04F79EFBC}") = "DVL_LeetCode_Problems_Solutions.Domain", "DVL_LeetCode_Problems_Solutions.Domain\DVL_LeetCode_Problems_Solutions.Domain.csproj", "{17EDA50B-F294-4342-A22F-C0414E7ADA8F}"
EndProject
Project("{FAE04EC0-301F-11D3-BF4B-00C04F79EFBC}") = "DVL_LeetCode_Problems_Solutions.Console", "DVL_LeetCode_Problems_Solutions.Console\DVL_LeetCode_Problems_Solutions.Console.csproj", "{CDBABD0F-0E89-4C7F-9DFD-C8294E6161F4}"
EndProject
Global
	GlobalSection(SolutionConfigurationPlatforms) = preSolution
		Debug|Any CPU = Debug|Any CPU
		Release|Any CPU = Release|Any CPU
	EndGlobalSection
	GlobalSection(ProjectConfigurationPlatforms) = postSolution
		{17EDA50B-F294-4342-A22F-C0414E7ADA8F}.Debug|Any CPU.ActiveCfg = Debug|Any CPU
		{17EDA50B-F294-4342-A22F-C0414E7ADA8F}.Debug|Any CPU.Build.0 = Debug|Any CPU
		{17EDA50B-F294-4342-A22F-C0414E7ADA8F}.Release|Any CPU.ActiveCfg = Release|Any CPU
		{17EDA50B-F294-4342-A22F-C0414E7ADA8F}.Release|Any CPU.Build.0 = Release|Any CPU
		{CDBABD0F-0E89-4C7F-9DFD-C8294E6161F4}.Debug|Any CPU.ActiveCfg = Debug|Any CPU
		{CDBABD0F-0E89-4C7F-9DFD-C8294E6161F4}.Debug|Any CPU.Build.0 = Debug|Any CPU
		{CDBABD0F-0E89-4C7F-9DFD-C8294E6161F4}.Release|Any CPU.ActiveCfg = Release|Any CPU
		{CDBABD0F-0E89-4C7F-9DFD-C8294E6161F4}.Release|Any CPU.Build.0 = Release|Any CPU
	EndGlobalSection
	GlobalSection(SolutionProperties) = preSolution
		HideSolutionNode = FALSE
	EndGlobalSection
	GlobalSection(ExtensibilityGlobals) = postSolution
		SolutionGuid = {E1BB0CFB-3E4F-4C79-8FFB-FF886239EB49}
	EndGlobalSection
EndGlobal
